// !$*UTF8*$!
{
	archiveVersion = 1;
	classes = {
	};
	objectVersion = 50;
	objects = {

/* Begin PBXBuildFile section */
		F3092DDE254FACB9008F1258 /* UIColor+theme.swift in Sources */ = {isa = PBXBuildFile; fileRef = F3092DDD254FACB9008F1258 /* UIColor+theme.swift */; };
		F3113451254E028400E02860 /* AppDelegate.swift in Sources */ = {isa = PBXBuildFile; fileRef = F3113450254E028400E02860 /* AppDelegate.swift */; };
		F3113453254E028400E02860 /* SceneDelegate.swift in Sources */ = {isa = PBXBuildFile; fileRef = F3113452254E028400E02860 /* SceneDelegate.swift */; };
		F3113455254E028400E02860 /* CompaniesController.swift in Sources */ = {isa = PBXBuildFile; fileRef = F3113454254E028400E02860 /* CompaniesController.swift */; };
		F3113458254E028400E02860 /* Main.storyboard in Resources */ = {isa = PBXBuildFile; fileRef = F3113456254E028400E02860 /* Main.storyboard */; };
		F311345A254E028500E02860 /* Assets.xcassets in Resources */ = {isa = PBXBuildFile; fileRef = F3113459254E028500E02860 /* Assets.xcassets */; };
		F311345D254E028500E02860 /* LaunchScreen.storyboard in Resources */ = {isa = PBXBuildFile; fileRef = F311345B254E028500E02860 /* LaunchScreen.storyboard */; };
		F3B3F7D72558543700DA5B11 /* UIViewControllerConfig.swift in Sources */ = {isa = PBXBuildFile; fileRef = F3B3F7D62558543700DA5B11 /* UIViewControllerConfig.swift */; };
		F3B3F7DF255861C600DA5B11 /* CreateCompanyController.swift in Sources */ = {isa = PBXBuildFile; fileRef = F3B3F7DE255861C600DA5B11 /* CreateCompanyController.swift */; };
		F3B3F7E22562DB4100DA5B11 /* IntermediateTrainingModel.xcdatamodeld in Sources */ = {isa = PBXBuildFile; fileRef = F3B3F7E02562DB4100DA5B11 /* IntermediateTrainingModel.xcdatamodeld */; };
		F3B3F7E42565871300DA5B11 /* CoreDataManager.swift in Sources */ = {isa = PBXBuildFile; fileRef = F3B3F7E32565871300DA5B11 /* CoreDataManager.swift */; };
/* End PBXBuildFile section */

/* Begin PBXFileReference section */
		F3092DDD254FACB9008F1258 /* UIColor+theme.swift */ = {isa = PBXFileReference; lastKnownFileType = sourcecode.swift; path = "UIColor+theme.swift"; sourceTree = "<group>"; };
		F311344D254E028400E02860 /* Intermediate Core Data.app */ = {isa = PBXFileReference; explicitFileType = wrapper.application; includeInIndex = 0; path = "Intermediate Core Data.app"; sourceTree = BUILT_PRODUCTS_DIR; };
		F3113450254E028400E02860 /* AppDelegate.swift */ = {isa = PBXFileReference; lastKnownFileType = sourcecode.swift; path = AppDelegate.swift; sourceTree = "<group>"; };
		F3113452254E028400E02860 /* SceneDelegate.swift */ = {isa = PBXFileReference; lastKnownFileType = sourcecode.swift; path = SceneDelegate.swift; sourceTree = "<group>"; };
		F3113454254E028400E02860 /* CompaniesController.swift */ = {isa = PBXFileReference; lastKnownFileType = sourcecode.swift; path = CompaniesController.swift; sourceTree = "<group>"; };
		F3113457254E028400E02860 /* Base */ = {isa = PBXFileReference; lastKnownFileType = file.storyboard; name = Base; path = Base.lproj/Main.storyboard; sourceTree = "<group>"; };
		F3113459254E028500E02860 /* Assets.xcassets */ = {isa = PBXFileReference; lastKnownFileType = folder.assetcatalog; path = Assets.xcassets; sourceTree = "<group>"; };
		F311345C254E028500E02860 /* Base */ = {isa = PBXFileReference; lastKnownFileType = file.storyboard; name = Base; path = Base.lproj/LaunchScreen.storyboard; sourceTree = "<group>"; };
		F311345E254E028500E02860 /* Info.plist */ = {isa = PBXFileReference; lastKnownFileType = text.plist.xml; path = Info.plist; sourceTree = "<group>"; };
		F3B3F7D62558543700DA5B11 /* UIViewControllerConfig.swift */ = {isa = PBXFileReference; lastKnownFileType = sourcecode.swift; path = UIViewControllerConfig.swift; sourceTree = "<group>"; };
		F3B3F7DE255861C600DA5B11 /* CreateCompanyController.swift */ = {isa = PBXFileReference; lastKnownFileType = sourcecode.swift; path = CreateCompanyController.swift; sourceTree = "<group>"; };
		F3B3F7E12562DB4100DA5B11 /* IntermediateTrainingModel.xcdatamodel */ = {isa = PBXFileReference; lastKnownFileType = wrapper.xcdatamodel; path = IntermediateTrainingModel.xcdatamodel; sourceTree = "<group>"; };
		F3B3F7E32565871300DA5B11 /* CoreDataManager.swift */ = {isa = PBXFileReference; lastKnownFileType = sourcecode.swift; path = CoreDataManager.swift; sourceTree = "<group>"; };
/* End PBXFileReference section */

/* Begin PBXFrameworksBuildPhase section */
		F311344A254E028400E02860 /* Frameworks */ = {
			isa = PBXFrameworksBuildPhase;
			buildActionMask = 2147483647;
			files = (
			);
			runOnlyForDeploymentPostprocessing = 0;
		};
/* End PBXFrameworksBuildPhase section */

/* Begin PBXGroup section */
		F3113444254E028400E02860 = {
			isa = PBXGroup;
			children = (
				F311344F254E028400E02860 /* Intermediate Core Data */,
				F311344E254E028400E02860 /* Products */,
			);
			sourceTree = "<group>";
		};
		F311344E254E028400E02860 /* Products */ = {
			isa = PBXGroup;
			children = (
				F311344D254E028400E02860 /* Intermediate Core Data.app */,
			);
			name = Products;
			sourceTree = "<group>";
		};
		F311344F254E028400E02860 /* Intermediate Core Data */ = {
			isa = PBXGroup;
			children = (
				F3113450254E028400E02860 /* AppDelegate.swift */,
				F3113452254E028400E02860 /* SceneDelegate.swift */,
				F3113454254E028400E02860 /* CompaniesController.swift */,
				F3113456254E028400E02860 /* Main.storyboard */,
				F3113459254E028500E02860 /* Assets.xcassets */,
				F311345B254E028500E02860 /* LaunchScreen.storyboard */,
				F311345E254E028500E02860 /* Info.plist */,
				F3092DDD254FACB9008F1258 /* UIColor+theme.swift */,
				F3B3F7D62558543700DA5B11 /* UIViewControllerConfig.swift */,
				F3B3F7DE255861C600DA5B11 /* CreateCompanyController.swift */,
				F3B3F7E02562DB4100DA5B11 /* IntermediateTrainingModel.xcdatamodeld */,
				F3B3F7E32565871300DA5B11 /* CoreDataManager.swift */,
			);
			path = "Intermediate Core Data";
			sourceTree = "<group>";
		};
/* End PBXGroup section */

/* Begin PBXNativeTarget section */
		F311344C254E028400E02860 /* Intermediate Core Data */ = {
			isa = PBXNativeTarget;
			buildConfigurationList = F3113461254E028500E02860 /* Build configuration list for PBXNativeTarget "Intermediate Core Data" */;
			buildPhases = (
				F3113449254E028400E02860 /* Sources */,
				F311344A254E028400E02860 /* Frameworks */,
				F311344B254E028400E02860 /* Resources */,
			);
			buildRules = (
			);
			dependencies = (
			);
			name = "Intermediate Core Data";
			productName = "Intermediate Core Data";
			productReference = F311344D254E028400E02860 /* Intermediate Core Data.app */;
			productType = "com.apple.product-type.application";
		};
/* End PBXNativeTarget section */

/* Begin PBXProject section */
		F3113445254E028400E02860 /* Project object */ = {
			isa = PBXProject;
			attributes = {
				LastSwiftUpdateCheck = 1140;
				LastUpgradeCheck = 1140;
				ORGANIZATIONNAME = Imtiaz;
				TargetAttributes = {
					F311344C254E028400E02860 = {
						CreatedOnToolsVersion = 11.4.1;
					};
				};
			};
			buildConfigurationList = F3113448254E028400E02860 /* Build configuration list for PBXProject "Intermediate Core Data" */;
			compatibilityVersion = "Xcode 9.3";
			developmentRegion = en;
			hasScannedForEncodings = 0;
			knownRegions = (
				en,
				Base,
			);
			mainGroup = F3113444254E028400E02860;
			productRefGroup = F311344E254E028400E02860 /* Products */;
			projectDirPath = "";
			projectRoot = "";
			targets = (
				F311344C254E028400E02860 /* Intermediate Core Data */,
			);
		};
/* End PBXProject section */

/* Begin PBXResourcesBuildPhase section */
		F311344B254E028400E02860 /* Resources */ = {
			isa = PBXResourcesBuildPhase;
			buildActionMask = 2147483647;
			files = (
				F311345D254E028500E02860 /* LaunchScreen.storyboard in Resources */,
				F311345A254E028500E02860 /* Assets.xcassets in Resources */,
				F3113458254E028400E02860 /* Main.storyboard in Resources */,
			);
			runOnlyForDeploymentPostprocessing = 0;
		};
/* End PBXResourcesBuildPhase section */

/* Begin PBXSourcesBuildPhase section */
		F3113449254E028400E02860 /* Sources */ = {
			isa = PBXSourcesBuildPhase;
			buildActionMask = 2147483647;
			files = (
				F3113455254E028400E02860 /* CompaniesController.swift in Sources */,
				F3092DDE254FACB9008F1258 /* UIColor+theme.swift in Sources */,
				F3B3F7D72558543700DA5B11 /* UIViewControllerConfig.swift in Sources */,
				F3B3F7DF255861C600DA5B11 /* CreateCompanyController.swift in Sources */,
				F3113451254E028400E02860 /* AppDelegate.swift in Sources */,
				F3B3F7E22562DB4100DA5B11 /* IntermediateTrainingModel.xcdatamodeld in Sources */,
				F3B3F7E42565871300DA5B11 /* CoreDataManager.swift in Sources */,
				F3113453254E028400E02860 /* SceneDelegate.swift in Sources */,
			);
			runOnlyForDeploymentPostprocessing = 0;
		};
/* End PBXSourcesBuildPhase section */

/* Begin PBXVariantGroup section */
		F3113456254E028400E02860 /* Main.storyboard */ = {
			isa = PBXVariantGroup;
			children = (
				F3113457254E028400E02860 /* Base */,
			);
			name = Main.storyboard;
			sourceTree = "<group>";
		};
		F311345B254E028500E02860 /* LaunchScreen.storyboard */ = {
			isa = PBXVariantGroup;
			children = (
				F311345C254E028500E02860 /* Base */,
			);
			name = LaunchScreen.storyboard;
			sourceTree = "<group>";
		};
/* End PBXVariantGroup section */

/* Begin XCBuildConfiguration section */
		F311345F254E028500E02860 /* Debug */ = {
			isa = XCBuildConfiguration;
			buildSettings = {
				ALWAYS_SEARCH_USER_PATHS = NO;
				CLANG_ANALYZER_NONNULL = YES;
				CLANG_ANALYZER_NUMBER_OBJECT_CONVERSION = YES_AGGRESSIVE;
				CLANG_CXX_LANGUAGE_STANDARD = "gnu++14";
				CLANG_CXX_LIBRARY = "libc++";
				CLANG_ENABLE_MODULES = YES;
				CLANG_ENABLE_OBJC_ARC = YES;
				CLANG_ENABLE_OBJC_WEAK = YES;
				CLANG_WARN_BLOCK_CAPTURE_AUTORELEASING = YES;
				CLANG_WARN_BOOL_CONVERSION = YES;
				CLANG_WARN_COMMA = YES;
				CLANG_WARN_CONSTANT_CONVERSION = YES;
				CLANG_WARN_DEPRECATED_OBJC_IMPLEMENTATIONS = YES;
				CLANG_WARN_DIRECT_OBJC_ISA_USAGE = YES_ERROR;
				CLANG_WARN_DOCUMENTATION_COMMENTS = YES;
				CLANG_WARN_EMPTY_BODY = YES;
				CLANG_WARN_ENUM_CONVERSION = YES;
				CLANG_WARN_INFINITE_RECURSION = YES;
				CLANG_WARN_INT_CONVERSION = YES;
				CLANG_WARN_NON_LITERAL_NULL_CONVERSION = YES;
				CLANG_WARN_OBJC_IMPLICIT_RETAIN_SELF = YES;
				CLANG_WARN_OBJC_LITERAL_CONVERSION = YES;
				CLANG_WARN_OBJC_ROOT_CLASS = YES_ERROR;
				CLANG_WARN_RANGE_LOOP_ANALYSIS = YES;
				CLANG_WARN_STRICT_PROTOTYPES = YES;
				CLANG_WARN_SUSPICIOUS_MOVE = YES;
				CLANG_WARN_UNGUARDED_AVAILABILITY = YES_AGGRESSIVE;
				CLANG_WARN_UNREACHABLE_CODE = YES;
				CLANG_WARN__DUPLICATE_METHOD_MATCH = YES;
				COPY_PHASE_STRIP = NO;
				DEBUG_INFORMATION_FORMAT = dwarf;
				ENABLE_STRICT_OBJC_MSGSEND = YES;
				ENABLE_TESTABILITY = YES;
				GCC_C_LANGUAGE_STANDARD = gnu11;
				GCC_DYNAMIC_NO_PIC = NO;
				GCC_NO_COMMON_BLOCKS = YES;
				GCC_OPTIMIZATION_LEVEL = 0;
				GCC_PREPROCESSOR_DEFINITIONS = (
					"DEBUG=1",
					"$(inherited)",
				);
				GCC_WARN_64_TO_32_BIT_CONVERSION = YES;
				GCC_WARN_ABOUT_RETURN_TYPE = YES_ERROR;
				GCC_WARN_UNDECLARED_SELECTOR = YES;
				GCC_WARN_UNINITIALIZED_AUTOS = YES_AGGRESSIVE;
				GCC_WARN_UNUSED_FUNCTION = YES;
				GCC_WARN_UNUSED_VARIABLE = YES;
				IPHONEOS_DEPLOYMENT_TARGET = 13.4;
				MTL_ENABLE_DEBUG_INFO = INCLUDE_SOURCE;
				MTL_FAST_MATH = YES;
				ONLY_ACTIVE_ARCH = YES;
				SDKROOT = iphoneos;
				SWIFT_ACTIVE_COMPILATION_CONDITIONS = DEBUG;
				SWIFT_OPTIMIZATION_LEVEL = "-Onone";
			};
			name = Debug;
		};
		F3113460254E028500E02860 /* Release */ = {
			isa = XCBuildConfiguration;
			buildSettings = {
				ALWAYS_SEARCH_USER_PATHS = NO;
				CLANG_ANALYZER_NONNULL = YES;
				CLANG_ANALYZER_NUMBER_OBJECT_CONVERSION = YES_AGGRESSIVE;
				CLANG_CXX_LANGUAGE_STANDARD = "gnu++14";
				CLANG_CXX_LIBRARY = "libc++";
				CLANG_ENABLE_MODULES = YES;
				CLANG_ENABLE_OBJC_ARC = YES;
				CLANG_ENABLE_OBJC_WEAK = YES;
				CLANG_WARN_BLOCK_CAPTURE_AUTORELEASING = YES;
				CLANG_WARN_BOOL_CONVERSION = YES;
				CLANG_WARN_COMMA = YES;
				CLANG_WARN_CONSTANT_CONVERSION = YES;
				CLANG_WARN_DEPRECATED_OBJC_IMPLEMENTATIONS = YES;
				CLANG_WARN_DIRECT_OBJC_ISA_USAGE = YES_ERROR;
				CLANG_WARN_DOCUMENTATION_COMMENTS = YES;
				CLANG_WARN_EMPTY_BODY = YES;
				CLANG_WARN_ENUM_CONVERSION = YES;
				CLANG_WARN_INFINITE_RECURSION = YES;
				CLANG_WARN_INT_CONVERSION = YES;
				CLANG_WARN_NON_LITERAL_NULL_CONVERSION = YES;
				CLANG_WARN_OBJC_IMPLICIT_RETAIN_SELF = YES;
				CLANG_WARN_OBJC_LITERAL_CONVERSION = YES;
				CLANG_WARN_OBJC_ROOT_CLASS = YES_ERROR;
				CLANG_WARN_RANGE_LOOP_ANALYSIS = YES;
				CLANG_WARN_STRICT_PROTOTYPES = YES;
				CLANG_WARN_SUSPICIOUS_MOVE = YES;
				CLANG_WARN_UNGUARDED_AVAILABILITY = YES_AGGRESSIVE;
				CLANG_WARN_UNREACHABLE_CODE = YES;
				CLANG_WARN__DUPLICATE_METHOD_MATCH = YES;
				COPY_PHASE_STRIP = NO;
				DEBUG_INFORMATION_FORMAT = "dwarf-with-dsym";
				ENABLE_NS_ASSERTIONS = NO;
				ENABLE_STRICT_OBJC_MSGSEND = YES;
				GCC_C_LANGUAGE_STANDARD = gnu11;
				GCC_NO_COMMON_BLOCKS = YES;
				GCC_WARN_64_TO_32_BIT_CONVERSION = YES;
				GCC_WARN_ABOUT_RETURN_TYPE = YES_ERROR;
				GCC_WARN_UNDECLARED_SELECTOR = YES;
				GCC_WARN_UNINITIALIZED_AUTOS = YES_AGGRESSIVE;
				GCC_WARN_UNUSED_FUNCTION = YES;
				GCC_WARN_UNUSED_VARIABLE = YES;
				IPHONEOS_DEPLOYMENT_TARGET = 13.4;
				MTL_ENABLE_DEBUG_INFO = NO;
				MTL_FAST_MATH = YES;
				SDKROOT = iphoneos;
				SWIFT_COMPILATION_MODE = wholemodule;
				SWIFT_OPTIMIZATION_LEVEL = "-O";
				VALIDATE_PRODUCT = YES;
			};
			name = Release;
		};
		F3113462254E028500E02860 /* Debug */ = {
			isa = XCBuildConfiguration;
			buildSettings = {
				ASSETCATALOG_COMPILER_APPICON_NAME = AppIcon;
				CODE_SIGN_STYLE = Automatic;
				INFOPLIST_FILE = "Intermediate Core Data/Info.plist";
				LD_RUNPATH_SEARCH_PATHS = (
					"$(inherited)",
					"@executable_path/Frameworks",
				);
				PRODUCT_BUNDLE_IDENTIFIER = "com.imtiazcompany.Intermediate-Core-Data";
				PRODUCT_NAME = "$(TARGET_NAME)";
				SWIFT_VERSION = 5.0;
				TARGETED_DEVICE_FAMILY = "1,2";
			};
			name = Debug;
		};
		F3113463254E028500E02860 /* Release */ = {
			isa = XCBuildConfiguration;
			buildSettings = {
				ASSETCATALOG_COMPILER_APPICON_NAME = AppIcon;
				CODE_SIGN_STYLE = Automatic;
				INFOPLIST_FILE = "Intermediate Core Data/Info.plist";
				LD_RUNPATH_SEARCH_PATHS = (
					"$(inherited)",
					"@executable_path/Frameworks",
				);
				PRODUCT_BUNDLE_IDENTIFIER = "com.imtiazcompany.Intermediate-Core-Data";
				PRODUCT_NAME = "$(TARGET_NAME)";
				SWIFT_VERSION = 5.0;
				TARGETED_DEVICE_FAMILY = "1,2";
			};
			name = Release;
		};
/* End XCBuildConfiguration section */

/* Begin XCConfigurationList section */
		F3113448254E028400E02860 /* Build configuration list for PBXProject "Intermediate Core Data" */ = {
			isa = XCConfigurationList;
			buildConfigurations = (
				F311345F254E028500E02860 /* Debug */,
				F3113460254E028500E02860 /* Release */,
			);
			defaultConfigurationIsVisible = 0;
			defaultConfigurationName = Release;
		};
		F3113461254E028500E02860 /* Build configuration list for PBXNativeTarget "Intermediate Core Data" */ = {
			isa = XCConfigurationList;
			buildConfigurations = (
				F3113462254E028500E02860 /* Debug */,
				F3113463254E028500E02860 /* Release */,
			);
			defaultConfigurationIsVisible = 0;
			defaultConfigurationName = Release;
		};
/* End XCConfigurationList section */

/* Begin XCVersionGroup section */
		F3B3F7E02562DB4100DA5B11 /* IntermediateTrainingModel.xcdatamodeld */ = {
			isa = XCVersionGroup;
			children = (
				F3B3F7E12562DB4100DA5B11 /* IntermediateTrainingModel.xcdatamodel */,
			);
			currentVersion = F3B3F7E12562DB4100DA5B11 /* IntermediateTrainingModel.xcdatamodel */;
			path = IntermediateTrainingModel.xcdatamodeld;
			sourceTree = "<group>";
			versionGroupType = wrapper.xcdatamodel;
		};
/* End XCVersionGroup section */
	};
	rootObject = F3113445254E028400E02860 /* Project object */;
}
